lockfileVersion: '6.0'

settings:
  autoInstallPeers: true
  excludeLinksFromLockfile: false

dependencies:
  tauri-plugin-autostart-api:
    specifier: github:tauri-apps/tauri-plugin-autostart#v1
    version: github.com/tauri-apps/tauri-plugin-autostart/ddb8917170309ce52fb9d433f58570b5caf6b27a
  tauri-plugin-positioner-api:
    specifier: ^0.2.7
    version: 0.2.7
  tauri-plugin-window-state-api:
    specifier: github:tauri-apps/tauri-plugin-window-state#v1
    version: github.com/tauri-apps/tauri-plugin-window-state/c479a6d131999b4bcf0d05eb7fdb031f87a716d1

devDependencies:
  '@tauri-apps/cli':
    specifier: ^1.5.0
    version: 1.5.1

packages:

  /@tauri-apps/api@1.5.0:
    resolution: {integrity: sha512-yQY9wpVNuiYhLLuyDlu1nBpqJELT1fGp7OctN4rW9I2W1T2p7A3tqPxsEzQprEwneQRBAlPM9vC8NsnMbct+pg==}
    engines: {node: '>= 14.6.0', npm: '>= 6.6.0', yarn: '>= 1.19.1'}
    dev: false

  /@tauri-apps/cli-darwin-arm64@1.5.1:
    resolution: {integrity: sha512-o2FSGj72gqJjlVtuScXQZUgiRs90PS9gG7YAz0Hgr4nV1MfIn9U6JVj6R+mnAEZBCK8qdy5jdemhmNKDDoiYQg==}
    engines: {node: '>= 10'}
    cpu: [arm64]
    os: [darwin]
    requiresBuild: true
    dev: true
    optional: true

  /@tauri-apps/cli-darwin-x64@1.5.1:
    resolution: {integrity: sha512-G1/v6AJPP5oIcjsOxZshag28wdmDx1Fis2yz545aUk7oKU86A3ZJpz0b8BaXkr93w04xGcmGAaspZeXMmTvrbw==}
    engines: {node: '>= 10'}
    cpu: [x64]
    os: [darwin]
    requiresBuild: true
    dev: true
    optional: true

  /@tauri-apps/cli-linux-arm-gnueabihf@1.5.1:
    resolution: {integrity: sha512-hPDOUMviffyX5BySk6RuD7IZZeMuNUJzKWHxVWa0NHJPfxQOIPWwYWbk6TascrVk9GZYAImcB0yKfrll8I0VTg==}
    engines: {node: '>= 10'}
    cpu: [arm]
    os: [linux]
    requiresBuild: true
    dev: true
    optional: true

  /@tauri-apps/cli-linux-arm64-gnu@1.5.1:
    resolution: {integrity: sha512-EJjTXqZchFLVrFgfxwstrQj7NwVDirffLhw5hRWS3L3Iys3IvqzIMVIA+GrY7KsaPwq7qaSqE1CDtP1wejE/9g==}
    engines: {node: '>= 10'}
    cpu: [arm64]
    os: [linux]
    requiresBuild: true
    dev: true
    optional: true

  /@tauri-apps/cli-linux-arm64-musl@1.5.1:
    resolution: {integrity: sha512-XgJIk0AcxRL4pWVjfj0wiC9WnIZoUIVLPcQs86dNxoqzwAvADdNYp+McXf3/MDxX8uGEzpgdvlqr4T+50c8f6w==}
    engines: {node: '>= 10'}
    cpu: [arm64]
    os: [linux]
    requiresBuild: true
    dev: true
    optional: true

  /@tauri-apps/cli-linux-x64-gnu@1.5.1:
    resolution: {integrity: sha512-VoVrIn7b+F2n0LJoDkLGXQJsPV/U1h3QnjRNE+Tcju6xVPBx64H0vfb7lC3S4QfVpiQ4Uc+1UD3Slvn4jGpL/A==}
    engines: {node: '>= 10'}
    cpu: [x64]
    os: [linux]
    requiresBuild: true
    dev: true
    optional: true

  /@tauri-apps/cli-linux-x64-musl@1.5.1:
    resolution: {integrity: sha512-tQi2K0LYW80BLud7ZFOy3WxCM2VjDRxuhxOYhtcLG39cIeGqsSz07LwiCFNBn4vy2J47TnZ+8XDRAOtxSFe25w==}
    engines: {node: '>= 10'}
    cpu: [x64]
    os: [linux]
    requiresBuild: true
    dev: true
    optional: true

  /@tauri-apps/cli-win32-arm64-msvc@1.5.1:
    resolution: {integrity: sha512-BdVwzVXY2JWBtWEO/G0//jIWXeWR52+KG0+kyoHO6QTxkncLrN5q2RldvXOe7CvhKe/qmgbkNosj5jWi7t49kQ==}
    engines: {node: '>= 10'}
    cpu: [arm64]
    os: [win32]
    requiresBuild: true
    dev: true
    optional: true

  /@tauri-apps/cli-win32-ia32-msvc@1.5.1:
    resolution: {integrity: sha512-Q0ei4ZUHlGu/b4DP4Cm6WnI5zxpLxnf/vSwR2BYO3XO65TdLee1gTyuwYuSZJYu5jxqSoSusmLyL4F43jHhf9Q==}
    engines: {node: '>= 10'}
    cpu: [ia32]
    os: [win32]
    requiresBuild: true
    dev: true
    optional: true

  /@tauri-apps/cli-win32-x64-msvc@1.5.1:
    resolution: {integrity: sha512-chpsJ5PIwMOdn1IIJ6bj2G7jv9jQryVvhujU0k3kt/5kE7OuLRDYbI5BAIzMOaLoOTgoo8oxcFXQ+enELSxlMQ==}
    engines: {node: '>= 10'}
    cpu: [x64]
    os: [win32]
    requiresBuild: true
    dev: true
    optional: true

  /@tauri-apps/cli@1.5.1:
    resolution: {integrity: sha512-Ssj30axil5vPBV3W5ScHXk4umTKu6BhfmMdljfKDOG9K55gAqzBAE2VBC5e/ouclSxZfN+6YNL9VhDXFu/UyeA==}
    engines: {node: '>= 10'}
    hasBin: true
    optionalDependencies:
      '@tauri-apps/cli-darwin-arm64': 1.5.1
      '@tauri-apps/cli-darwin-x64': 1.5.1
      '@tauri-apps/cli-linux-arm-gnueabihf': 1.5.1
      '@tauri-apps/cli-linux-arm64-gnu': 1.5.1
      '@tauri-apps/cli-linux-arm64-musl': 1.5.1
      '@tauri-apps/cli-linux-x64-gnu': 1.5.1
      '@tauri-apps/cli-linux-x64-musl': 1.5.1
      '@tauri-apps/cli-win32-arm64-msvc': 1.5.1
      '@tauri-apps/cli-win32-ia32-msvc': 1.5.1
      '@tauri-apps/cli-win32-x64-msvc': 1.5.1
    dev: true

  /tauri-plugin-positioner-api@0.2.7:
    resolution: {integrity: sha512-jwqRHo59UU3aJbffEFkWVhBorjQg1WNeDa4W4eWVnaTqLals+/fqgHdNwTGzG1+LLdaJSS2FUy4XSwEDAWvERQ==}
    dependencies:
      '@tauri-apps/api': 1.5.0
    dev: false

  github.com/tauri-apps/tauri-plugin-autostart/ddb8917170309ce52fb9d433f58570b5caf6b27a:
    resolution: {tarball: https://codeload.github.com/tauri-apps/tauri-plugin-autostart/tar.gz/ddb8917170309ce52fb9d433f58570b5caf6b27a}
    name: tauri-plugin-autostart-api
    version: 0.0.0
    dependencies:
      '@tauri-apps/api': 1.5.0
    dev: false

  github.com/tauri-apps/tauri-plugin-window-state/c479a6d131999b4bcf0d05eb7fdb031f87a716d1:
    resolution: {tarball: https://codeload.github.com/tauri-apps/tauri-plugin-window-state/tar.gz/c479a6d131999b4bcf0d05eb7fdb031f87a716d1}
    name: tauri-plugin-window-state-api
    version: 0.0.0
    dependencies:
      '@tauri-apps/api': 1.5.0
    dev: false
